<?xml version="1.0" encoding="utf-8"?>
<Project ToolsVersion="4.0" xmlns="http://schemas.microsoft.com/developer/msbuild/2003">
  <ItemGroup>
    <Filter Include="源文件">
      <UniqueIdentifier>{4FC737F1-C7A5-4376-A066-2A32D752A2FF}</UniqueIdentifier>
      <Extensions>cpp;c;cc;cxx;c++;cppm;ixx;def;odl;idl;hpj;bat;asm;asmx</Extensions>
    </Filter>
    <Filter Include="头文件">
      <UniqueIdentifier>{93995380-89BD-4b04-88EB-625FBE52EBFB}</UniqueIdentifier>
      <Extensions>h;hh;hpp;hxx;h++;hm;inl;inc;ipp;xsd</Extensions>
    </Filter>
    <Filter Include="资源文件">
      <UniqueIdentifier>{67DA6AB6-F800-4c08-8B7A-83BB121AAD01}</UniqueIdentifier>
      <Extensions>rc;ico;cur;bmp;dlg;rc2;rct;bin;rgs;gif;jpg;jpeg;jpe;resx;tiff;tif;png;wav;mfcribbon-ms</Extensions>
    </Filter>
    <Filter Include="头文件\Model">
      <UniqueIdentifier>{a116ead0-b50d-4477-8fc2-cc9e44db27b6}</UniqueIdentifier>
    </Filter>
    <Filter Include="源文件\Model">
      <UniqueIdentifier>{ae0d0146-3d5d-4607-bd2b-bddcbdb51486}</UniqueIdentifier>
    </Filter>
    <Filter Include="头文件\GameObjectLogic">
      <UniqueIdentifier>{3148aacc-e1a6-4a03-8d15-d6bb7611d976}</UniqueIdentifier>
    </Filter>
    <Filter Include="源文件\GameObjectLogic">
      <UniqueIdentifier>{db8bfbbe-83b3-441a-8955-06e4a2914aa5}</UniqueIdentifier>
    </Filter>
    <Filter Include="头文件\ItergratedClass">
      <UniqueIdentifier>{d99b7378-e2a5-4a81-a7b1-200a15e3d0de}</UniqueIdentifier>
    </Filter>
    <Filter Include="头文件\Render">
      <UniqueIdentifier>{00c15e78-ccae-4559-ab15-18a8448ac788}</UniqueIdentifier>
    </Filter>
    <Filter Include="头文件\File">
      <UniqueIdentifier>{73219730-022a-43b6-a603-8fd03d28870f}</UniqueIdentifier>
    </Filter>
    <Filter Include="源文件\File">
      <UniqueIdentifier>{3a86a49f-2323-4d83-9466-c3525a244200}</UniqueIdentifier>
    </Filter>
    <Filter Include="头文件\ComponentController">
      <UniqueIdentifier>{3636c699-4149-4bca-b659-ca95d944b6cc}</UniqueIdentifier>
    </Filter>
    <Filter Include="源文件\ComponentController">
      <UniqueIdentifier>{a8d214ce-4f22-4758-bd9f-58025b381880}</UniqueIdentifier>
    </Filter>
    <Filter Include="头文件\GLBaseController">
      <UniqueIdentifier>{6fba9097-af91-413f-8b43-17b8e6a83d0e}</UniqueIdentifier>
    </Filter>
    <Filter Include="源文件\GLBaseController">
      <UniqueIdentifier>{e56af760-a64f-40af-9aa3-ab64bf21badf}</UniqueIdentifier>
    </Filter>
    <Filter Include="源文件\Render">
      <UniqueIdentifier>{1ba43af8-b30c-4234-a257-79e2fe0b1a2b}</UniqueIdentifier>
    </Filter>
    <Filter Include="源文件\ZGameLogic">
      <UniqueIdentifier>{78d769b0-e026-460d-89d5-9875fbbdfa17}</UniqueIdentifier>
    </Filter>
  </ItemGroup>
  <ItemGroup>
    <ClCompile Include="C++Steam52.cpp">
      <Filter>源文件</Filter>
    </ClCompile>
    <ClCompile Include="Monster.cpp">
      <Filter>源文件</Filter>
    </ClCompile>
    <ClCompile Include="Test.cpp">
      <Filter>源文件</Filter>
    </ClCompile>
    <ClCompile Include="CppOnly.cpp">
      <Filter>源文件</Filter>
    </ClCompile>
    <ClCompile Include="Controller.cpp">
      <Filter>源文件\GLBaseController</Filter>
    </ClCompile>
    <ClCompile Include="GameObject.cpp">
      <Filter>源文件\GameObjectLogic</Filter>
    </ClCompile>
    <ClCompile Include="Cube.cpp">
      <Filter>源文件\Model</Filter>
    </ClCompile>
    <ClCompile Include="LifecycleManager.cpp">
      <Filter>源文件\GameObjectLogic</Filter>
    </ClCompile>
    <ClCompile Include="IntergratedScripts.cpp">
      <Filter>源文件\GameObjectLogic</Filter>
    </ClCompile>
    <ClCompile Include="CustomModel.cpp">
      <Filter>源文件\Model</Filter>
    </ClCompile>
    <ClCompile Include="MeshDataManager.cpp">
      <Filter>源文件\Model</Filter>
    </ClCompile>
    <ClCompile Include="FileLoadIO.cpp">
      <Filter>源文件\File</Filter>
    </ClCompile>
    <ClCompile Include="stb_image.cpp">
      <Filter>源文件\File</Filter>
    </ClCompile>
    <ClCompile Include="AnimationIntergrated.cpp">
      <Filter>源文件\ComponentController</Filter>
    </ClCompile>
    <ClCompile Include="ObsoleteCode.cpp">
      <Filter>源文件</Filter>
    </ClCompile>
    <ClCompile Include="TextRender.cpp">
      <Filter>源文件\Render</Filter>
    </ClCompile>
    <ClCompile Include="CoroutineMethod.cpp">
      <Filter>源文件\GameObjectLogic</Filter>
    </ClCompile>
    <ClCompile Include="ScriptModel.cpp">
      <Filter>源文件\Model</Filter>
    </ClCompile>
    <ClCompile Include="Light.cpp">
      <Filter>源文件\Render</Filter>
    </ClCompile>
    <ClCompile Include="ShaderManager.cpp">
      <Filter>源文件\Render</Filter>
    </ClCompile>
    <ClCompile Include="SceneStart.cpp">
      <Filter>源文件\ZGameLogic</Filter>
    </ClCompile>
    <ClCompile Include="ObsoleteTest.cpp">
      <Filter>源文件\ZGameLogic</Filter>
    </ClCompile>
    <ClCompile Include="SceneUpdate.cpp">
      <Filter>源文件\ZGameLogic</Filter>
    </ClCompile>
    <ClCompile Include="CollisionBody.cpp">
      <Filter>源文件\ComponentController</Filter>
    </ClCompile>
    <ClCompile Include="PhysicalEngine.cpp">
      <Filter>源文件\ComponentController</Filter>
    </ClCompile>
  </ItemGroup>
  <ItemGroup>
    <ClInclude Include="Monster.h">
      <Filter>头文件</Filter>
    </ClInclude>
    <ClInclude Include="Test.h">
      <Filter>头文件</Filter>
    </ClInclude>
    <ClInclude Include="MicroCpp.h">
      <Filter>头文件</Filter>
    </ClInclude>
    <ClInclude Include="Controller.h">
      <Filter>头文件\GLBaseController</Filter>
    </ClInclude>
    <ClInclude Include="GameObject.h">
      <Filter>头文件\GameObjectLogic</Filter>
    </ClInclude>
    <ClInclude Include="Cube.h">
      <Filter>头文件\Model</Filter>
    </ClInclude>
    <ClInclude Include="MonoBehaviour.h">
      <Filter>头文件\GameObjectLogic</Filter>
    </ClInclude>
    <ClInclude Include="LifecycleManager.h">
      <Filter>头文件\GameObjectLogic</Filter>
    </ClInclude>
    <ClInclude Include="IntergratedScripts.h">
      <Filter>头文件\GameObjectLogic</Filter>
    </ClInclude>
    <ClInclude Include="CustomModel.h">
      <Filter>头文件\Model</Filter>
    </ClInclude>
    <ClInclude Include="MeshDataManager.h">
      <Filter>头文件\Model</Filter>
    </ClInclude>
    <ClInclude Include="EnumTotal.h">
      <Filter>头文件\ItergratedClass</Filter>
    </ClInclude>
    <ClInclude Include="Light.h">
      <Filter>头文件\Render</Filter>
    </ClInclude>
    <ClInclude Include="shader.h">
      <Filter>头文件\Render</Filter>
    </ClInclude>
    <ClInclude Include="FileLoadIO.h">
      <Filter>头文件\File</Filter>
    </ClInclude>
    <ClInclude Include="stb_image.h">
      <Filter>头文件\File</Filter>
    </ClInclude>
    <ClInclude Include="AnimationIntergrated.h">
      <Filter>头文件\ComponentController</Filter>
    </ClInclude>
    <ClInclude Include="IComponent.h">
      <Filter>头文件\GameObjectLogic</Filter>
    </ClInclude>
    <ClInclude Include="PhysicalEngine.h">
      <Filter>头文件\ComponentController</Filter>
    </ClInclude>
    <ClInclude Include="CollisionBody.h">
      <Filter>头文件\ComponentController</Filter>
    </ClInclude>
    <ClInclude Include="TextRender.h">
      <Filter>头文件\Render</Filter>
    </ClInclude>
    <ClInclude Include="CoroutineMethod.h">
      <Filter>头文件\GameObjectLogic</Filter>
    </ClInclude>
    <ClInclude Include="ScriptModel.h">
      <Filter>头文件\Model</Filter>
    </ClInclude>
    <ClInclude Include="ShaderManager.h">
      <Filter>头文件\Render</Filter>
    </ClInclude>
  </ItemGroup>
  <ItemGroup>
    <None Include="packages.config" />
    <None Include="InlT.inl">
      <Filter>源文件</Filter>
    </None>
  </ItemGroup>
  <ItemGroup>
    <Text Include="Advance.txt" />
  </ItemGroup>
</Project>